
Microsoft Visual Studio Solution File, Format Version 12.00
# Visual Studio Version 16
VisualStudioVersion = 16.0.29306.81
MinimumVisualStudioVersion = 10.0.40219.1
Project("{FAE04EC0-301F-11D3-BF4B-00C04F79EFBC}") = "BikeCommander", "BikeCommander.csproj", "{0CE1F8C4-0BA5-4AB0-A9E6-A3E1B42D7C42}"
EndProject
Global
	GlobalSection(SolutionConfigurationPlatforms) = preSolution
		Debug|Any CPU = Debug|Any CPU
		Release|Any CPU = Release|Any CPU
	EndGlobalSection
	GlobalSection(ProjectConfigurationPlatforms) = postSolution
		{0CE1F8C4-0BA5-4AB0-A9E6-A3E1B42D7C42}.Debug|Any CPU.ActiveCfg = Debug|Any CPU
		{0CE1F8C4-0BA5-4AB0-A9E6-A3E1B42D7C42}.Debug|Any CPU.Build.0 = Debug|Any CPU
		{0CE1F8C4-0BA5-4AB0-A9E6-A3E1B42D7C42}.Release|Any CPU.ActiveCfg = Release|Any CPU
		{0CE1F8C4-0BA5-4AB0-A9E6-A3E1B42D7C42}.Release|Any CPU.Build.0 = Release|Any CPU
	EndGlobalSection
	GlobalSection(SolutionProperties) = preSolution
		HideSolutionNode = FALSE
	EndGlobalSection
	GlobalSection(ExtensibilityGlobals) = postSolution
		SolutionGuid = {1A10D69E-7ECD-465E-AB8B-BB094C0AF9E9}
	EndGlobalSection
EndGlobal
